
Microsoft Visual Studio Solution File, Format Version 12.00
# Visual Studio Version 17
VisualStudioVersion = 17.6.33829.357
MinimumVisualStudioVersion = 10.0.40219.1
Project("{FAE04EC0-301F-11D3-BF4B-00C04F79EFBC}") = "Presentacion", "Presentacion\Presentacion.csproj", "{52DA732F-38B9-4A04-AB1E-6AA1C69D9D8F}"
EndProject
Project("{FAE04EC0-301F-11D3-BF4B-00C04F79EFBC}") = "Logica", "Logica\Logica.csproj", "{F611E7B6-FCC4-436E-A8E7-BD17FBF5389E}"
EndProject
Project("{FAE04EC0-301F-11D3-BF4B-00C04F79EFBC}") = "Datos", "Datos\Datos.csproj", "{ED385630-7D51-4FA2-8736-2DEEE5DC7934}"
EndProject
Project("{FAE04EC0-301F-11D3-BF4B-00C04F79EFBC}") = "Entidad", "Entidad\Entidad.csproj", "{9F34CDCA-A580-4B21-B3C0-645ADE3B37AA}"
EndProject
Global
	GlobalSection(SolutionConfigurationPlatforms) = preSolution
		Debug|Any CPU = Debug|Any CPU
		Release|Any CPU = Release|Any CPU
	EndGlobalSection
	GlobalSection(ProjectConfigurationPlatforms) = postSolution
		{52DA732F-38B9-4A04-AB1E-6AA1C69D9D8F}.Debug|Any CPU.ActiveCfg = Debug|Any CPU
		{52DA732F-38B9-4A04-AB1E-6AA1C69D9D8F}.Debug|Any CPU.Build.0 = Debug|Any CPU
		{52DA732F-38B9-4A04-AB1E-6AA1C69D9D8F}.Release|Any CPU.ActiveCfg = Release|Any CPU
		{52DA732F-38B9-4A04-AB1E-6AA1C69D9D8F}.Release|Any CPU.Build.0 = Release|Any CPU
		{F611E7B6-FCC4-436E-A8E7-BD17FBF5389E}.Debug|Any CPU.ActiveCfg = Debug|Any CPU
		{F611E7B6-FCC4-436E-A8E7-BD17FBF5389E}.Debug|Any CPU.Build.0 = Debug|Any CPU
		{F611E7B6-FCC4-436E-A8E7-BD17FBF5389E}.Release|Any CPU.ActiveCfg = Release|Any CPU
		{F611E7B6-FCC4-436E-A8E7-BD17FBF5389E}.Release|Any CPU.Build.0 = Release|Any CPU
		{ED385630-7D51-4FA2-8736-2DEEE5DC7934}.Debug|Any CPU.ActiveCfg = Debug|Any CPU
		{ED385630-7D51-4FA2-8736-2DEEE5DC7934}.Debug|Any CPU.Build.0 = Debug|Any CPU
		{ED385630-7D51-4FA2-8736-2DEEE5DC7934}.Release|Any CPU.ActiveCfg = Release|Any CPU
		{ED385630-7D51-4FA2-8736-2DEEE5DC7934}.Release|Any CPU.Build.0 = Release|Any CPU
		{9F34CDCA-A580-4B21-B3C0-645ADE3B37AA}.Debug|Any CPU.ActiveCfg = Debug|Any CPU
		{9F34CDCA-A580-4B21-B3C0-645ADE3B37AA}.Debug|Any CPU.Build.0 = Debug|Any CPU
		{9F34CDCA-A580-4B21-B3C0-645ADE3B37AA}.Release|Any CPU.ActiveCfg = Release|Any CPU
		{9F34CDCA-A580-4B21-B3C0-645ADE3B37AA}.Release|Any CPU.Build.0 = Release|Any CPU
	EndGlobalSection
	GlobalSection(SolutionProperties) = preSolution
		HideSolutionNode = FALSE
	EndGlobalSection
	GlobalSection(ExtensibilityGlobals) = postSolution
		SolutionGuid = {4B179D86-45CD-46D6-9A7E-82193D034490}
	EndGlobalSection
EndGlobal
